# This file is automatically @generated by Cargo.
# It is not intended for manual editing.
version = 4

[[package]]
name = "ide"
version = "0.0.1"

[[package]]
name = "sapling-data-model"
version = "0.0.1"

[[package]]
name = "sapling-query-engine"
version = "0.0.1"
dependencies = [
 "sapling-data-model",
]

[[package]]
name = "spec-validator"
version = "0.0.1"
dependencies = [
 "sapling-data-model",
 "sapling-query-engine",
]
